// !$*UTF8*$!
{
	archiveVersion = 1;
	classes = {
	};
	objectVersion = 55;
	objects = {

/* Begin PBXBuildFile section */
		6A9BD719298DA6E900063DD8 /* AppDelegate.swift in Sources */ = {isa = PBXBuildFile; fileRef = 6A9BD718298DA6E900063DD8 /* AppDelegate.swift */; };
		6A9BD71B298DA6E900063DD8 /* SceneDelegate.swift in Sources */ = {isa = PBXBuildFile; fileRef = 6A9BD71A298DA6E900063DD8 /* SceneDelegate.swift */; };
		6A9BD71D298DA6E900063DD8 /* ViewController.swift in Sources */ = {isa = PBXBuildFile; fileRef = 6A9BD71C298DA6E900063DD8 /* ViewController.swift */; };
		6A9BD720298DA6E900063DD8 /* Main.storyboard in Resources */ = {isa = PBXBuildFile; fileRef = 6A9BD71E298DA6E900063DD8 /* Main.storyboard */; };
		6A9BD722298DA6EA00063DD8 /* Assets.xcassets in Resources */ = {isa = PBXBuildFile; fileRef = 6A9BD721298DA6EA00063DD8 /* Assets.xcassets */; };
		6A9BD725298DA6EA00063DD8 /* LaunchScreen.storyboard in Resources */ = {isa = PBXBuildFile; fileRef = 6A9BD723298DA6EA00063DD8 /* LaunchScreen.storyboard */; };
		6A9BD730298DA6EA00063DD8 /* IntegrationAppTests.swift in Sources */ = {isa = PBXBuildFile; fileRef = 6A9BD72F298DA6EA00063DD8 /* IntegrationAppTests.swift */; };
		6A9BD73A298DA6EB00063DD8 /* IntegrationAppUITests.swift in Sources */ = {isa = PBXBuildFile; fileRef = 6A9BD739298DA6EB00063DD8 /* IntegrationAppUITests.swift */; };
		6A9BD73C298DA6EB00063DD8 /* IntegrationAppUITestsLaunchTests.swift in Sources */ = {isa = PBXBuildFile; fileRef = 6A9BD73B298DA6EB00063DD8 /* IntegrationAppUITestsLaunchTests.swift */; };
/* End PBXBuildFile section */

/* Begin PBXContainerItemProxy section */
		6A9BD72C298DA6EA00063DD8 /* PBXContainerItemProxy */ = {
			isa = PBXContainerItemProxy;
			containerPortal = 6A9BD70D298DA6E900063DD8 /* Project object */;
			proxyType = 1;
			remoteGlobalIDString = 6A9BD714298DA6E900063DD8;
			remoteInfo = IntegrationApp;
		};
		6A9BD736298DA6EB00063DD8 /* PBXContainerItemProxy */ = {
			isa = PBXContainerItemProxy;
			containerPortal = 6A9BD70D298DA6E900063DD8 /* Project object */;
			proxyType = 1;
			remoteGlobalIDString = 6A9BD714298DA6E900063DD8;
			remoteInfo = IntegrationApp;
		};
/* End PBXContainerItemProxy section */

/* Begin PBXFileReference section */
		6A9BD715298DA6E900063DD8 /* IntegrationApp.app */ = {isa = PBXFileReference; explicitFileType = wrapper.application; includeInIndex = 0; path = IntegrationApp.app; sourceTree = BUILT_PRODUCTS_DIR; };
		6A9BD718298DA6E900063DD8 /* AppDelegate.swift */ = {isa = PBXFileReference; lastKnownFileType = sourcecode.swift; path = AppDelegate.swift; sourceTree = "<group>"; };
		6A9BD71A298DA6E900063DD8 /* SceneDelegate.swift */ = {isa = PBXFileReference; lastKnownFileType = sourcecode.swift; path = SceneDelegate.swift; sourceTree = "<group>"; };
		6A9BD71C298DA6E900063DD8 /* ViewController.swift */ = {isa = PBXFileReference; lastKnownFileType = sourcecode.swift; path = ViewController.swift; sourceTree = "<group>"; };
		6A9BD71F298DA6E900063DD8 /* Base */ = {isa = PBXFileReference; lastKnownFileType = file.storyboard; name = Base; path = Base.lproj/Main.storyboard; sourceTree = "<group>"; };
		6A9BD721298DA6EA00063DD8 /* Assets.xcassets */ = {isa = PBXFileReference; lastKnownFileType = folder.assetcatalog; path = Assets.xcassets; sourceTree = "<group>"; };
		6A9BD724298DA6EA00063DD8 /* Base */ = {isa = PBXFileReference; lastKnownFileType = file.storyboard; name = Base; path = Base.lproj/LaunchScreen.storyboard; sourceTree = "<group>"; };
		6A9BD726298DA6EA00063DD8 /* Info.plist */ = {isa = PBXFileReference; lastKnownFileType = text.plist.xml; path = Info.plist; sourceTree = "<group>"; };
		6A9BD72B298DA6EA00063DD8 /* IntegrationAppTests.xctest */ = {isa = PBXFileReference; explicitFileType = wrapper.cfbundle; includeInIndex = 0; path = IntegrationAppTests.xctest; sourceTree = BUILT_PRODUCTS_DIR; };
		6A9BD72F298DA6EA00063DD8 /* IntegrationAppTests.swift */ = {isa = PBXFileReference; lastKnownFileType = sourcecode.swift; path = IntegrationAppTests.swift; sourceTree = "<group>"; };
		6A9BD735298DA6EB00063DD8 /* IntegrationAppUITests.xctest */ = {isa = PBXFileReference; explicitFileType = wrapper.cfbundle; includeInIndex = 0; path = IntegrationAppUITests.xctest; sourceTree = BUILT_PRODUCTS_DIR; };
		6A9BD739298DA6EB00063DD8 /* IntegrationAppUITests.swift */ = {isa = PBXFileReference; lastKnownFileType = sourcecode.swift; path = IntegrationAppUITests.swift; sourceTree = "<group>"; };
		6A9BD73B298DA6EB00063DD8 /* IntegrationAppUITestsLaunchTests.swift */ = {isa = PBXFileReference; lastKnownFileType = sourcecode.swift; path = IntegrationAppUITestsLaunchTests.swift; sourceTree = "<group>"; };
/* End PBXFileReference section */

/* Begin PBXFrameworksBuildPhase section */
		6A9BD712298DA6E900063DD8 /* Frameworks */ = {
			isa = PBXFrameworksBuildPhase;
			buildActionMask = 2147483647;
			files = (
			);
			runOnlyForDeploymentPostprocessing = 0;
		};
		6A9BD728298DA6EA00063DD8 /* Frameworks */ = {
			isa = PBXFrameworksBuildPhase;
			buildActionMask = 2147483647;
			files = (
			);
			runOnlyForDeploymentPostprocessing = 0;
		};
		6A9BD732298DA6EB00063DD8 /* Frameworks */ = {
			isa = PBXFrameworksBuildPhase;
			buildActionMask = 2147483647;
			files = (
			);
			runOnlyForDeploymentPostprocessing = 0;
		};
/* End PBXFrameworksBuildPhase section */

/* Begin PBXGroup section */
		6A9BD70C298DA6E900063DD8 = {
			isa = PBXGroup;
			children = (
				6A9BD717298DA6E900063DD8 /* IntegrationApp */,
				6A9BD72E298DA6EA00063DD8 /* IntegrationAppTests */,
				6A9BD738298DA6EB00063DD8 /* IntegrationAppUITests */,
				6A9BD716298DA6E900063DD8 /* Products */,
			);
			sourceTree = "<group>";
		};
		6A9BD716298DA6E900063DD8 /* Products */ = {
			isa = PBXGroup;
			children = (
				6A9BD715298DA6E900063DD8 /* IntegrationApp.app */,
				6A9BD72B298DA6EA00063DD8 /* IntegrationAppTests.xctest */,
				6A9BD735298DA6EB00063DD8 /* IntegrationAppUITests.xctest */,
			);
			name = Products;
			sourceTree = "<group>";
		};
		6A9BD717298DA6E900063DD8 /* IntegrationApp */ = {
			isa = PBXGroup;
			children = (
				6A9BD718298DA6E900063DD8 /* AppDelegate.swift */,
				6A9BD71A298DA6E900063DD8 /* SceneDelegate.swift */,
				6A9BD71C298DA6E900063DD8 /* ViewController.swift */,
				6A9BD71E298DA6E900063DD8 /* Main.storyboard */,
				6A9BD721298DA6EA00063DD8 /* Assets.xcassets */,
				6A9BD723298DA6EA00063DD8 /* LaunchScreen.storyboard */,
				6A9BD726298DA6EA00063DD8 /* Info.plist */,
			);
			path = IntegrationApp;
			sourceTree = "<group>";
		};
		6A9BD72E298DA6EA00063DD8 /* IntegrationAppTests */ = {
			isa = PBXGroup;
			children = (
				6A9BD72F298DA6EA00063DD8 /* IntegrationAppTests.swift */,
			);
			path = IntegrationAppTests;
			sourceTree = "<group>";
		};
		6A9BD738298DA6EB00063DD8 /* IntegrationAppUITests */ = {
			isa = PBXGroup;
			children = (
				6A9BD739298DA6EB00063DD8 /* IntegrationAppUITests.swift */,
				6A9BD73B298DA6EB00063DD8 /* IntegrationAppUITestsLaunchTests.swift */,
			);
			path = IntegrationAppUITests;
			sourceTree = "<group>";
		};
/* End PBXGroup section */

/* Begin PBXNativeTarget section */
		6A9BD714298DA6E900063DD8 /* IntegrationApp */ = {
			isa = PBXNativeTarget;
			buildConfigurationList = 6A9BD73F298DA6EB00063DD8 /* Build configuration list for PBXNativeTarget "IntegrationApp" */;
			buildPhases = (
				6A9BD711298DA6E900063DD8 /* Sources */,
				6A9BD712298DA6E900063DD8 /* Frameworks */,
				6A9BD713298DA6E900063DD8 /* Resources */,
			);
			buildRules = (
			);
			dependencies = (
			);
			name = IntegrationApp;
			productName = IntegrationApp;
			productReference = 6A9BD715298DA6E900063DD8 /* IntegrationApp.app */;
			productType = "com.apple.product-type.application";
		};
		6A9BD72A298DA6EA00063DD8 /* IntegrationAppTests */ = {
			isa = PBXNativeTarget;
			buildConfigurationList = 6A9BD742298DA6EB00063DD8 /* Build configuration list for PBXNativeTarget "IntegrationAppTests" */;
			buildPhases = (
				6A9BD727298DA6EA00063DD8 /* Sources */,
				6A9BD728298DA6EA00063DD8 /* Frameworks */,
				6A9BD729298DA6EA00063DD8 /* Resources */,
			);
			buildRules = (
			);
			dependencies = (
				6A9BD72D298DA6EA00063DD8 /* PBXTargetDependency */,
			);
			name = IntegrationAppTests;
			productName = IntegrationAppTests;
			productReference = 6A9BD72B298DA6EA00063DD8 /* IntegrationAppTests.xctest */;
			productType = "com.apple.product-type.bundle.unit-test";
		};
		6A9BD734298DA6EB00063DD8 /* IntegrationAppUITests */ = {
			isa = PBXNativeTarget;
			buildConfigurationList = 6A9BD745298DA6EB00063DD8 /* Build configuration list for PBXNativeTarget "IntegrationAppUITests" */;
			buildPhases = (
				6A9BD731298DA6EB00063DD8 /* Sources */,
				6A9BD732298DA6EB00063DD8 /* Frameworks */,
				6A9BD733298DA6EB00063DD8 /* Resources */,
			);
			buildRules = (
			);
			dependencies = (
				6A9BD737298DA6EB00063DD8 /* PBXTargetDependency */,
			);
			name = IntegrationAppUITests;
			productName = IntegrationAppUITests;
			productReference = 6A9BD735298DA6EB00063DD8 /* IntegrationAppUITests.xctest */;
			productType = "com.apple.product-type.bundle.ui-testing";
		};
/* End PBXNativeTarget section */

/* Begin PBXProject section */
		6A9BD70D298DA6E900063DD8 /* Project object */ = {
			isa = PBXProject;
			attributes = {
				BuildIndependentTargetsInParallel = 1;
				LastSwiftUpdateCheck = 1420;
				LastUpgradeCheck = 1420;
				TargetAttributes = {
					6A9BD714298DA6E900063DD8 = {
						CreatedOnToolsVersion = 14.2;
					};
					6A9BD72A298DA6EA00063DD8 = {
						CreatedOnToolsVersion = 14.2;
						TestTargetID = 6A9BD714298DA6E900063DD8;
					};
					6A9BD734298DA6EB00063DD8 = {
						CreatedOnToolsVersion = 14.2;
						TestTargetID = 6A9BD714298DA6E900063DD8;
					};
				};
			};
			buildConfigurationList = 6A9BD710298DA6E900063DD8 /* Build configuration list for PBXProject "IntegrationApp" */;
			compatibilityVersion = "Xcode 13.0";
			developmentRegion = en;
			hasScannedForEncodings = 0;
			knownRegions = (
				en,
				Base,
			);
			mainGroup = 6A9BD70C298DA6E900063DD8;
			productRefGroup = 6A9BD716298DA6E900063DD8 /* Products */;
			projectDirPath = "";
			projectRoot = "";
			targets = (
				6A9BD714298DA6E900063DD8 /* IntegrationApp */,
				6A9BD72A298DA6EA00063DD8 /* IntegrationAppTests */,
				6A9BD734298DA6EB00063DD8 /* IntegrationAppUITests */,
			);
		};
/* End PBXProject section */

/* Begin PBXResourcesBuildPhase section */
		6A9BD713298DA6E900063DD8 /* Resources */ = {
			isa = PBXResourcesBuildPhase;
			buildActionMask = 2147483647;
			files = (
				6A9BD725298DA6EA00063DD8 /* LaunchScreen.storyboard in Resources */,
				6A9BD722298DA6EA00063DD8 /* Assets.xcassets in Resources */,
				6A9BD720298DA6E900063DD8 /* Main.storyboard in Resources */,
			);
			runOnlyForDeploymentPostprocessing = 0;
		};
		6A9BD729298DA6EA00063DD8 /* Resources */ = {
			isa = PBXResourcesBuildPhase;
			buildActionMask = 2147483647;
			files = (
			);
			runOnlyForDeploymentPostprocessing = 0;
		};
		6A9BD733298DA6EB00063DD8 /* Resources */ = {
			isa = PBXResourcesBuildPhase;
			buildActionMask = 2147483647;
			files = (
			);
			runOnlyForDeploymentPostprocessing = 0;
		};
/* End PBXResourcesBuildPhase section */

/* Begin PBXSourcesBuildPhase section */
		6A9BD711298DA6E900063DD8 /* Sources */ = {
			isa = PBXSourcesBuildPhase;
			buildActionMask = 2147483647;
			files = (
				6A9BD71D298DA6E900063DD8 /* ViewController.swift in Sources */,
				6A9BD719298DA6E900063DD8 /* AppDelegate.swift in Sources */,
				6A9BD71B298DA6E900063DD8 /* SceneDelegate.swift in Sources */,
			);
			runOnlyForDeploymentPostprocessing = 0;
		};
		6A9BD727298DA6EA00063DD8 /* Sources */ = {
			isa = PBXSourcesBuildPhase;
			buildActionMask = 2147483647;
			files = (
				6A9BD730298DA6EA00063DD8 /* IntegrationAppTests.swift in Sources */,
			);
			runOnlyForDeploymentPostprocessing = 0;
		};
		6A9BD731298DA6EB00063DD8 /* Sources */ = {
			isa = PBXSourcesBuildPhase;
			buildActionMask = 2147483647;
			files = (
				6A9BD73A298DA6EB00063DD8 /* IntegrationAppUITests.swift in Sources */,
				6A9BD73C298DA6EB00063DD8 /* IntegrationAppUITestsLaunchTests.swift in Sources */,
			);
			runOnlyForDeploymentPostprocessing = 0;
		};
/* End PBXSourcesBuildPhase section */

/* Begin PBXTargetDependency section */
		6A9BD72D298DA6EA00063DD8 /* PBXTargetDependency */ = {
			isa = PBXTargetDependency;
			target = 6A9BD714298DA6E900063DD8 /* IntegrationApp */;
			targetProxy = 6A9BD72C298DA6EA00063DD8 /* PBXContainerItemProxy */;
		};
		6A9BD737298DA6EB00063DD8 /* PBXTargetDependency */ = {
			isa = PBXTargetDependency;
			target = 6A9BD714298DA6E900063DD8 /* IntegrationApp */;
			targetProxy = 6A9BD736298DA6EB00063DD8 /* PBXContainerItemProxy */;
		};
/* End PBXTargetDependency section */

/* Begin PBXVariantGroup section */
		6A9BD71E298DA6E900063DD8 /* Main.storyboard */ = {
			isa = PBXVariantGroup;
			children = (
				6A9BD71F298DA6E900063DD8 /* Base */,
			);
			name = Main.storyboard;
			sourceTree = "<group>";
		};
		6A9BD723298DA6EA00063DD8 /* LaunchScreen.storyboard */ = {
			isa = PBXVariantGroup;
			children = (
				6A9BD724298DA6EA00063DD8 /* Base */,
			);
			name = LaunchScreen.storyboard;
			sourceTree = "<group>";
		};
/* End PBXVariantGroup section */

/* Begin XCBuildConfiguration section */
		6A9BD73D298DA6EB00063DD8 /* Debug */ = {
			isa = XCBuildConfiguration;
			buildSettings = {
				ALWAYS_SEARCH_USER_PATHS = NO;
				CLANG_ANALYZER_NONNULL = YES;
				CLANG_ANALYZER_NUMBER_OBJECT_CONVERSION = YES_AGGRESSIVE;
				CLANG_CXX_LANGUAGE_STANDARD = "gnu++20";
				CLANG_ENABLE_MODULES = YES;
				CLANG_ENABLE_OBJC_ARC = YES;
				CLANG_ENABLE_OBJC_WEAK = YES;
				CLANG_WARN_BLOCK_CAPTURE_AUTORELEASING = YES;
				CLANG_WARN_BOOL_CONVERSION = YES;
				CLANG_WARN_COMMA = YES;
				CLANG_WARN_CONSTANT_CONVERSION = YES;
				CLANG_WARN_DEPRECATED_OBJC_IMPLEMENTATIONS = YES;
				CLANG_WARN_DIRECT_OBJC_ISA_USAGE = YES_ERROR;
				CLANG_WARN_DOCUMENTATION_COMMENTS = YES;
				CLANG_WARN_EMPTY_BODY = YES;
				CLANG_WARN_ENUM_CONVERSION = YES;
				CLANG_WARN_INFINITE_RECURSION = YES;
				CLANG_WARN_INT_CONVERSION = YES;
				CLANG_WARN_NON_LITERAL_NULL_CONVERSION = YES;
				CLANG_WARN_OBJC_IMPLICIT_RETAIN_SELF = YES;
				CLANG_WARN_OBJC_LITERAL_CONVERSION = YES;
				CLANG_WARN_OBJC_ROOT_CLASS = YES_ERROR;
				CLANG_WARN_QUOTED_INCLUDE_IN_FRAMEWORK_HEADER = YES;
				CLANG_WARN_RANGE_LOOP_ANALYSIS = YES;
				CLANG_WARN_STRICT_PROTOTYPES = YES;
				CLANG_WARN_SUSPICIOUS_MOVE = YES;
				CLANG_WARN_UNGUARDED_AVAILABILITY = YES_AGGRESSIVE;
				CLANG_WARN_UNREACHABLE_CODE = YES;
				CLANG_WARN__DUPLICATE_METHOD_MATCH = YES;
				COPY_PHASE_STRIP = NO;
				DEBUG_INFORMATION_FORMAT = dwarf;
				ENABLE_STRICT_OBJC_MSGSEND = YES;
				ENABLE_TESTABILITY = YES;
				GCC_C_LANGUAGE_STANDARD = gnu11;
				GCC_DYNAMIC_NO_PIC = NO;
				GCC_NO_COMMON_BLOCKS = YES;
				GCC_OPTIMIZATION_LEVEL = 0;
				GCC_PREPROCESSOR_DEFINITIONS = (
					"DEBUG=1",
					"$(inherited)",
				);
				GCC_WARN_64_TO_32_BIT_CONVERSION = YES;
				GCC_WARN_ABOUT_RETURN_TYPE = YES_ERROR;
				GCC_WARN_UNDECLARED_SELECTOR = YES;
				GCC_WARN_UNINITIALIZED_AUTOS = YES_AGGRESSIVE;
				GCC_WARN_UNUSED_FUNCTION = YES;
				GCC_WARN_UNUSED_VARIABLE = YES;
				IPHONEOS_DEPLOYMENT_TARGET = 16.0;
				MTL_ENABLE_DEBUG_INFO = INCLUDE_SOURCE;
				MTL_FAST_MATH = YES;
				ONLY_ACTIVE_ARCH = YES;
				SDKROOT = iphoneos;
				SWIFT_ACTIVE_COMPILATION_CONDITIONS = DEBUG;
				SWIFT_OPTIMIZATION_LEVEL = "-Onone";
			};
			name = Debug;
		};
		6A9BD73E298DA6EB00063DD8 /* Release */ = {
			isa = XCBuildConfiguration;
			buildSettings = {
				ALWAYS_SEARCH_USER_PATHS = NO;
				CLANG_ANALYZER_NONNULL = YES;
				CLANG_ANALYZER_NUMBER_OBJECT_CONVERSION = YES_AGGRESSIVE;
				CLANG_CXX_LANGUAGE_STANDARD = "gnu++20";
				CLANG_ENABLE_MODULES = YES;
				CLANG_ENABLE_OBJC_ARC = YES;
				CLANG_ENABLE_OBJC_WEAK = YES;
				CLANG_WARN_BLOCK_CAPTURE_AUTORELEASING = YES;
				CLANG_WARN_BOOL_CONVERSION = YES;
				CLANG_WARN_COMMA = YES;
				CLANG_WARN_CONSTANT_CONVERSION = YES;
				CLANG_WARN_DEPRECATED_OBJC_IMPLEMENTATIONS = YES;
				CLANG_WARN_DIRECT_OBJC_ISA_USAGE = YES_ERROR;
				CLANG_WARN_DOCUMENTATION_COMMENTS = YES;
				CLANG_WARN_EMPTY_BODY = YES;
				CLANG_WARN_ENUM_CONVERSION = YES;
				CLANG_WARN_INFINITE_RECURSION = YES;
				CLANG_WARN_INT_CONVERSION = YES;
				CLANG_WARN_NON_LITERAL_NULL_CONVERSION = YES;
				CLANG_WARN_OBJC_IMPLICIT_RETAIN_SELF = YES;
				CLANG_WARN_OBJC_LITERAL_CONVERSION = YES;
				CLANG_WARN_OBJC_ROOT_CLASS = YES_ERROR;
				CLANG_WARN_QUOTED_INCLUDE_IN_FRAMEWORK_HEADER = YES;
				CLANG_WARN_RANGE_LOOP_ANALYSIS = YES;
				CLANG_WARN_STRICT_PROTOTYPES = YES;
				CLANG_WARN_SUSPICIOUS_MOVE = YES;
				CLANG_WARN_UNGUARDED_AVAILABILITY = YES_AGGRESSIVE;
				CLANG_WARN_UNREACHABLE_CODE = YES;
				CLANG_WARN__DUPLICATE_METHOD_MATCH = YES;
				COPY_PHASE_STRIP = NO;
				DEBUG_INFORMATION_FORMAT = "dwarf-with-dsym";
				ENABLE_NS_ASSERTIONS = NO;
				ENABLE_STRICT_OBJC_MSGSEND = YES;
				GCC_C_LANGUAGE_STANDARD = gnu11;
				GCC_NO_COMMON_BLOCKS = YES;
				GCC_WARN_64_TO_32_BIT_CONVERSION = YES;
				GCC_WARN_ABOUT_RETURN_TYPE = YES_ERROR;
				GCC_WARN_UNDECLARED_SELECTOR = YES;
				GCC_WARN_UNINITIALIZED_AUTOS = YES_AGGRESSIVE;
				GCC_WARN_UNUSED_FUNCTION = YES;
				GCC_WARN_UNUSED_VARIABLE = YES;
				IPHONEOS_DEPLOYMENT_TARGET = 16.0;
				MTL_ENABLE_DEBUG_INFO = NO;
				MTL_FAST_MATH = YES;
				SDKROOT = iphoneos;
				SWIFT_COMPILATION_MODE = wholemodule;
				SWIFT_OPTIMIZATION_LEVEL = "-O";
				VALIDATE_PRODUCT = YES;
			};
			name = Release;
		};
		6A9BD740298DA6EB00063DD8 /* Debug */ = {
			isa = XCBuildConfiguration;
			buildSettings = {
				ASSETCATALOG_COMPILER_APPICON_NAME = AppIcon;
				ASSETCATALOG_COMPILER_GLOBAL_ACCENT_COLOR_NAME = AccentColor;
				CODE_SIGN_STYLE = Automatic;
				CURRENT_PROJECT_VERSION = 1;
				DEVELOPMENT_TEAM = 5SB3H4Y5NS;
				GENERATE_INFOPLIST_FILE = YES;
				INFOPLIST_FILE = IntegrationApp/Info.plist;
				INFOPLIST_KEY_UIApplicationSupportsIndirectInputEvents = YES;
				INFOPLIST_KEY_UILaunchStoryboardName = LaunchScreen;
				INFOPLIST_KEY_UIMainStoryboardFile = Main;
				INFOPLIST_KEY_UISupportedInterfaceOrientations_iPad = "UIInterfaceOrientationPortrait UIInterfaceOrientationPortraitUpsideDown UIInterfaceOrientationLandscapeLeft UIInterfaceOrientationLandscapeRight";
				INFOPLIST_KEY_UISupportedInterfaceOrientations_iPhone = "UIInterfaceOrientationPortrait UIInterfaceOrientationLandscapeLeft UIInterfaceOrientationLandscapeRight";
				IPHONEOS_DEPLOYMENT_TARGET = 16.0;
				LD_RUNPATH_SEARCH_PATHS = (
					"$(inherited)",
					"@executable_path/Frameworks",
				);
				MARKETING_VERSION = 1.0;
				PRODUCT_BUNDLE_IDENTIFIER = com.ldakhoa.IntegrationApp;
				PRODUCT_NAME = "$(TARGET_NAME)";
				SWIFT_EMIT_LOC_STRINGS = YES;
				SWIFT_VERSION = 5.0;
				TARGETED_DEVICE_FAMILY = "1,2";
			};
			name = Debug;
		};
		6A9BD741298DA6EB00063DD8 /* Release */ = {
			isa = XCBuildConfiguration;
			buildSettings = {
				ASSETCATALOG_COMPILER_APPICON_NAME = AppIcon;
				ASSETCATALOG_COMPILER_GLOBAL_ACCENT_COLOR_NAME = AccentColor;
				CODE_SIGN_STYLE = Automatic;
				CURRENT_PROJECT_VERSION = 1;
				DEVELOPMENT_TEAM = 5SB3H4Y5NS;
				GENERATE_INFOPLIST_FILE = YES;
				INFOPLIST_FILE = IntegrationApp/Info.plist;
				INFOPLIST_KEY_UIApplicationSupportsIndirectInputEvents = YES;
				INFOPLIST_KEY_UILaunchStoryboardName = LaunchScreen;
				INFOPLIST_KEY_UIMainStoryboardFile = Main;
				INFOPLIST_KEY_UISupportedInterfaceOrientations_iPad = "UIInterfaceOrientationPortrait UIInterfaceOrientationPortraitUpsideDown UIInterfaceOrientationLandscapeLeft UIInterfaceOrientationLandscapeRight";
				INFOPLIST_KEY_UISupportedInterfaceOrientations_iPhone = "UIInterfaceOrientationPortrait UIInterfaceOrientationLandscapeLeft UIInterfaceOrientationLandscapeRight";
				IPHONEOS_DEPLOYMENT_TARGET = 16.0;
				LD_RUNPATH_SEARCH_PATHS = (
					"$(inherited)",
					"@executable_path/Frameworks",
				);
				MARKETING_VERSION = 1.0;
				PRODUCT_BUNDLE_IDENTIFIER = com.ldakhoa.IntegrationApp;
				PRODUCT_NAME = "$(TARGET_NAME)";
				SWIFT_EMIT_LOC_STRINGS = YES;
				SWIFT_VERSION = 5.0;
				TARGETED_DEVICE_FAMILY = "1,2";
			};
			name = Release;
		};
		6A9BD743298DA6EB00063DD8 /* Debug */ = {
			isa = XCBuildConfiguration;
			buildSettings = {
				ALWAYS_EMBED_SWIFT_STANDARD_LIBRARIES = YES;
				BUNDLE_LOADER = "$(TEST_HOST)";
				CODE_SIGN_STYLE = Automatic;
				CURRENT_PROJECT_VERSION = 1;
				DEVELOPMENT_TEAM = "";
				GENERATE_INFOPLIST_FILE = YES;
				IPHONEOS_DEPLOYMENT_TARGET = 16.2;
				MARKETING_VERSION = 1.0;
				PRODUCT_BUNDLE_IDENTIFIER = com.ldakhoa.IntegrationAppTests;
				PRODUCT_NAME = "$(TARGET_NAME)";
				SWIFT_EMIT_LOC_STRINGS = NO;
				SWIFT_VERSION = 5.0;
				TARGETED_DEVICE_FAMILY = "1,2";
				TEST_HOST = "$(BUILT_PRODUCTS_DIR)/IntegrationApp.app/$(BUNDLE_EXECUTABLE_FOLDER_PATH)/IntegrationApp";
			};
			name = Debug;
		};
		6A9BD744298DA6EB00063DD8 /* Release */ = {
			isa = XCBuildConfiguration;
			buildSettings = {
				ALWAYS_EMBED_SWIFT_STANDARD_LIBRARIES = YES;
				BUNDLE_LOADER = "$(TEST_HOST)";
				CODE_SIGN_STYLE = Automatic;
				CURRENT_PROJECT_VERSION = 1;
				DEVELOPMENT_TEAM = "";
				GENERATE_INFOPLIST_FILE = YES;
				IPHONEOS_DEPLOYMENT_TARGET = 16.2;
				MARKETING_VERSION = 1.0;
				PRODUCT_BUNDLE_IDENTIFIER = com.ldakhoa.IntegrationAppTests;
				PRODUCT_NAME = "$(TARGET_NAME)";
				SWIFT_EMIT_LOC_STRINGS = NO;
				SWIFT_VERSION = 5.0;
				TARGETED_DEVICE_FAMILY = "1,2";
				TEST_HOST = "$(BUILT_PRODUCTS_DIR)/IntegrationApp.app/$(BUNDLE_EXECUTABLE_FOLDER_PATH)/IntegrationApp";
			};
			name = Release;
		};
		6A9BD746298DA6EB00063DD8 /* Debug */ = {
			isa = XCBuildConfiguration;
			buildSettings = {
				ALWAYS_EMBED_SWIFT_STANDARD_LIBRARIES = YES;
				CODE_SIGN_STYLE = Automatic;
				CURRENT_PROJECT_VERSION = 1;
				DEVELOPMENT_TEAM = "";
				GENERATE_INFOPLIST_FILE = YES;
				MARKETING_VERSION = 1.0;
				PRODUCT_BUNDLE_IDENTIFIER = com.ldakhoa.IntegrationAppUITests;
				PRODUCT_NAME = "$(TARGET_NAME)";
				SWIFT_EMIT_LOC_STRINGS = NO;
				SWIFT_VERSION = 5.0;
				TARGETED_DEVICE_FAMILY = "1,2";
				TEST_TARGET_NAME = IntegrationApp;
			};
			name = Debug;
		};
		6A9BD747298DA6EB00063DD8 /* Release */ = {
			isa = XCBuildConfiguration;
			buildSettings = {
				ALWAYS_EMBED_SWIFT_STANDARD_LIBRARIES = YES;
				CODE_SIGN_STYLE = Automatic;
				CURRENT_PROJECT_VERSION = 1;
				DEVELOPMENT_TEAM = "";
				GENERATE_INFOPLIST_FILE = YES;
				MARKETING_VERSION = 1.0;
				PRODUCT_BUNDLE_IDENTIFIER = com.ldakhoa.IntegrationAppUITests;
				PRODUCT_NAME = "$(TARGET_NAME)";
				SWIFT_EMIT_LOC_STRINGS = NO;
				SWIFT_VERSION = 5.0;
				TARGETED_DEVICE_FAMILY = "1,2";
				TEST_TARGET_NAME = IntegrationApp;
			};
			name = Release;
		};
/* End XCBuildConfiguration section */

/* Begin XCConfigurationList section */
		6A9BD710298DA6E900063DD8 /* Build configuration list for PBXProject "IntegrationApp" */ = {
			isa = XCConfigurationList;
			buildConfigurations = (
				6A9BD73D298DA6EB00063DD8 /* Debug */,
				6A9BD73E298DA6EB00063DD8 /* Release */,
			);
			defaultConfigurationIsVisible = 0;
			defaultConfigurationName = Release;
		};
		6A9BD73F298DA6EB00063DD8 /* Build configuration list for PBXNativeTarget "IntegrationApp" */ = {
			isa = XCConfigurationList;
			buildConfigurations = (
				6A9BD740298DA6EB00063DD8 /* Debug */,
				6A9BD741298DA6EB00063DD8 /* Release */,
			);
			defaultConfigurationIsVisible = 0;
			defaultConfigurationName = Release;
		};
		6A9BD742298DA6EB00063DD8 /* Build configuration list for PBXNativeTarget "IntegrationAppTests" */ = {
			isa = XCConfigurationList;
			buildConfigurations = (
				6A9BD743298DA6EB00063DD8 /* Debug */,
				6A9BD744298DA6EB00063DD8 /* Release */,
			);
			defaultConfigurationIsVisible = 0;
			defaultConfigurationName = Release;
		};
		6A9BD745298DA6EB00063DD8 /* Build configuration list for PBXNativeTarget "IntegrationAppUITests" */ = {
			isa = XCConfigurationList;
			buildConfigurations = (
				6A9BD746298DA6EB00063DD8 /* Debug */,
				6A9BD747298DA6EB00063DD8 /* Release */,
			);
			defaultConfigurationIsVisible = 0;
			defaultConfigurationName = Release;
		};
/* End XCConfigurationList section */
	};
	rootObject = 6A9BD70D298DA6E900063DD8 /* Project object */;
}
