// !$*UTF8*$!
{
	archiveVersion = 1;
	classes = {
	};
	objectVersion = 55;
	objects = {

/* Begin PBXBuildFile section */
		017C2165C431AEFF3A2589B2 /* Pods_IntegrationPodAppTests.framework in Frameworks */ = {isa = PBXBuildFile; fileRef = B98C4699D392AD6082A5D741 /* Pods_IntegrationPodAppTests.framework */; };
		04DFA7329A7B9D75F24342F8 /* Pods_IntegrationPodApp_IntegrationPodAppUITests.framework in Frameworks */ = {isa = PBXBuildFile; fileRef = 417608C0EE4DA04A6BA41D32 /* Pods_IntegrationPodApp_IntegrationPodAppUITests.framework */; };
		22EC41531E132E31741762FF /* Pods_IntegrationPodApp.framework in Frameworks */ = {isa = PBXBuildFile; fileRef = 6F352059CBA6B6D58BEC0620 /* Pods_IntegrationPodApp.framework */; };
		6AEC36BF299150480092781D /* AppDelegate.swift in Sources */ = {isa = PBXBuildFile; fileRef = 6AEC36BE299150480092781D /* AppDelegate.swift */; };
		6AEC36C1299150480092781D /* SceneDelegate.swift in Sources */ = {isa = PBXBuildFile; fileRef = 6AEC36C0299150480092781D /* SceneDelegate.swift */; };
		6AEC36C3299150480092781D /* ViewController.swift in Sources */ = {isa = PBXBuildFile; fileRef = 6AEC36C2299150480092781D /* ViewController.swift */; };
		6AEC36C6299150480092781D /* Main.storyboard in Resources */ = {isa = PBXBuildFile; fileRef = 6AEC36C4299150480092781D /* Main.storyboard */; };
		6AEC36C8299150490092781D /* Assets.xcassets in Resources */ = {isa = PBXBuildFile; fileRef = 6AEC36C7299150490092781D /* Assets.xcassets */; };
		6AEC36CB299150490092781D /* LaunchScreen.storyboard in Resources */ = {isa = PBXBuildFile; fileRef = 6AEC36C9299150490092781D /* LaunchScreen.storyboard */; };
		6AEC36D6299150490092781D /* IntegrationPodAppTests.swift in Sources */ = {isa = PBXBuildFile; fileRef = 6AEC36D5299150490092781D /* IntegrationPodAppTests.swift */; };
		6AEC36E0299150490092781D /* IntegrationPodAppUITests.swift in Sources */ = {isa = PBXBuildFile; fileRef = 6AEC36DF299150490092781D /* IntegrationPodAppUITests.swift */; };
		6AEC36E2299150490092781D /* IntegrationPodAppUITestsLaunchTests.swift in Sources */ = {isa = PBXBuildFile; fileRef = 6AEC36E1299150490092781D /* IntegrationPodAppUITestsLaunchTests.swift */; };
/* End PBXBuildFile section */

/* Begin PBXContainerItemProxy section */
		6AEC36D2299150490092781D /* PBXContainerItemProxy */ = {
			isa = PBXContainerItemProxy;
			containerPortal = 6AEC36B3299150480092781D /* Project object */;
			proxyType = 1;
			remoteGlobalIDString = 6AEC36BA299150480092781D;
			remoteInfo = IntegrationPodApp;
		};
		6AEC36DC299150490092781D /* PBXContainerItemProxy */ = {
			isa = PBXContainerItemProxy;
			containerPortal = 6AEC36B3299150480092781D /* Project object */;
			proxyType = 1;
			remoteGlobalIDString = 6AEC36BA299150480092781D;
			remoteInfo = IntegrationPodApp;
		};
/* End PBXContainerItemProxy section */

/* Begin PBXFileReference section */
		0AAC569AFCE0C50A389FD186 /* Pods-IntegrationPodApp.debug.xcconfig */ = {isa = PBXFileReference; includeInIndex = 1; lastKnownFileType = text.xcconfig; name = "Pods-IntegrationPodApp.debug.xcconfig"; path = "Target Support Files/Pods-IntegrationPodApp/Pods-IntegrationPodApp.debug.xcconfig"; sourceTree = "<group>"; };
		417608C0EE4DA04A6BA41D32 /* Pods_IntegrationPodApp_IntegrationPodAppUITests.framework */ = {isa = PBXFileReference; explicitFileType = wrapper.framework; includeInIndex = 0; path = Pods_IntegrationPodApp_IntegrationPodAppUITests.framework; sourceTree = BUILT_PRODUCTS_DIR; };
		45332E6C892DAC091D25A6AA /* Pods-IntegrationPodApp.release.xcconfig */ = {isa = PBXFileReference; includeInIndex = 1; lastKnownFileType = text.xcconfig; name = "Pods-IntegrationPodApp.release.xcconfig"; path = "Target Support Files/Pods-IntegrationPodApp/Pods-IntegrationPodApp.release.xcconfig"; sourceTree = "<group>"; };
		6AEC36BB299150480092781D /* IntegrationPodApp.app */ = {isa = PBXFileReference; explicitFileType = wrapper.application; includeInIndex = 0; path = IntegrationPodApp.app; sourceTree = BUILT_PRODUCTS_DIR; };
		6AEC36BE299150480092781D /* AppDelegate.swift */ = {isa = PBXFileReference; lastKnownFileType = sourcecode.swift; path = AppDelegate.swift; sourceTree = "<group>"; };
		6AEC36C0299150480092781D /* SceneDelegate.swift */ = {isa = PBXFileReference; lastKnownFileType = sourcecode.swift; path = SceneDelegate.swift; sourceTree = "<group>"; };
		6AEC36C2299150480092781D /* ViewController.swift */ = {isa = PBXFileReference; lastKnownFileType = sourcecode.swift; path = ViewController.swift; sourceTree = "<group>"; };
		6AEC36C5299150480092781D /* Base */ = {isa = PBXFileReference; lastKnownFileType = file.storyboard; name = Base; path = Base.lproj/Main.storyboard; sourceTree = "<group>"; };
		6AEC36C7299150490092781D /* Assets.xcassets */ = {isa = PBXFileReference; lastKnownFileType = folder.assetcatalog; path = Assets.xcassets; sourceTree = "<group>"; };
		6AEC36CA299150490092781D /* Base */ = {isa = PBXFileReference; lastKnownFileType = file.storyboard; name = Base; path = Base.lproj/LaunchScreen.storyboard; sourceTree = "<group>"; };
		6AEC36CC299150490092781D /* Info.plist */ = {isa = PBXFileReference; lastKnownFileType = text.plist.xml; path = Info.plist; sourceTree = "<group>"; };
		6AEC36D1299150490092781D /* IntegrationPodAppTests.xctest */ = {isa = PBXFileReference; explicitFileType = wrapper.cfbundle; includeInIndex = 0; path = IntegrationPodAppTests.xctest; sourceTree = BUILT_PRODUCTS_DIR; };
		6AEC36D5299150490092781D /* IntegrationPodAppTests.swift */ = {isa = PBXFileReference; lastKnownFileType = sourcecode.swift; path = IntegrationPodAppTests.swift; sourceTree = "<group>"; };
		6AEC36DB299150490092781D /* IntegrationPodAppUITests.xctest */ = {isa = PBXFileReference; explicitFileType = wrapper.cfbundle; includeInIndex = 0; path = IntegrationPodAppUITests.xctest; sourceTree = BUILT_PRODUCTS_DIR; };
		6AEC36DF299150490092781D /* IntegrationPodAppUITests.swift */ = {isa = PBXFileReference; lastKnownFileType = sourcecode.swift; path = IntegrationPodAppUITests.swift; sourceTree = "<group>"; };
		6AEC36E1299150490092781D /* IntegrationPodAppUITestsLaunchTests.swift */ = {isa = PBXFileReference; lastKnownFileType = sourcecode.swift; path = IntegrationPodAppUITestsLaunchTests.swift; sourceTree = "<group>"; };
		6F352059CBA6B6D58BEC0620 /* Pods_IntegrationPodApp.framework */ = {isa = PBXFileReference; explicitFileType = wrapper.framework; includeInIndex = 0; path = Pods_IntegrationPodApp.framework; sourceTree = BUILT_PRODUCTS_DIR; };
		7E5D65F2862C5D3FF1DB20BF /* Pods-IntegrationPodApp-IntegrationPodAppUITests.release.xcconfig */ = {isa = PBXFileReference; includeInIndex = 1; lastKnownFileType = text.xcconfig; name = "Pods-IntegrationPodApp-IntegrationPodAppUITests.release.xcconfig"; path = "Target Support Files/Pods-IntegrationPodApp-IntegrationPodAppUITests/Pods-IntegrationPodApp-IntegrationPodAppUITests.release.xcconfig"; sourceTree = "<group>"; };
		B98C4699D392AD6082A5D741 /* Pods_IntegrationPodAppTests.framework */ = {isa = PBXFileReference; explicitFileType = wrapper.framework; includeInIndex = 0; path = Pods_IntegrationPodAppTests.framework; sourceTree = BUILT_PRODUCTS_DIR; };
		C079F3F98E2FAF36CA396332 /* Pods-IntegrationPodAppTests.release.xcconfig */ = {isa = PBXFileReference; includeInIndex = 1; lastKnownFileType = text.xcconfig; name = "Pods-IntegrationPodAppTests.release.xcconfig"; path = "Target Support Files/Pods-IntegrationPodAppTests/Pods-IntegrationPodAppTests.release.xcconfig"; sourceTree = "<group>"; };
		D596C4DD26CA5567F0FC1902 /* Pods-IntegrationPodApp-IntegrationPodAppUITests.debug.xcconfig */ = {isa = PBXFileReference; includeInIndex = 1; lastKnownFileType = text.xcconfig; name = "Pods-IntegrationPodApp-IntegrationPodAppUITests.debug.xcconfig"; path = "Target Support Files/Pods-IntegrationPodApp-IntegrationPodAppUITests/Pods-IntegrationPodApp-IntegrationPodAppUITests.debug.xcconfig"; sourceTree = "<group>"; };
		EB04896AE14ACF995B197688 /* Pods-IntegrationPodAppTests.debug.xcconfig */ = {isa = PBXFileReference; includeInIndex = 1; lastKnownFileType = text.xcconfig; name = "Pods-IntegrationPodAppTests.debug.xcconfig"; path = "Target Support Files/Pods-IntegrationPodAppTests/Pods-IntegrationPodAppTests.debug.xcconfig"; sourceTree = "<group>"; };
/* End PBXFileReference section */

/* Begin PBXFrameworksBuildPhase section */
		6AEC36B8299150480092781D /* Frameworks */ = {
			isa = PBXFrameworksBuildPhase;
			buildActionMask = 2147483647;
			files = (
				22EC41531E132E31741762FF /* Pods_IntegrationPodApp.framework in Frameworks */,
			);
			runOnlyForDeploymentPostprocessing = 0;
		};
		6AEC36CE299150490092781D /* Frameworks */ = {
			isa = PBXFrameworksBuildPhase;
			buildActionMask = 2147483647;
			files = (
				017C2165C431AEFF3A2589B2 /* Pods_IntegrationPodAppTests.framework in Frameworks */,
			);
			runOnlyForDeploymentPostprocessing = 0;
		};
		6AEC36D8299150490092781D /* Frameworks */ = {
			isa = PBXFrameworksBuildPhase;
			buildActionMask = 2147483647;
			files = (
				04DFA7329A7B9D75F24342F8 /* Pods_IntegrationPodApp_IntegrationPodAppUITests.framework in Frameworks */,
			);
			runOnlyForDeploymentPostprocessing = 0;
		};
/* End PBXFrameworksBuildPhase section */

/* Begin PBXGroup section */
		236B37199537211D5D810F70 /* Frameworks */ = {
			isa = PBXGroup;
			children = (
				6F352059CBA6B6D58BEC0620 /* Pods_IntegrationPodApp.framework */,
				417608C0EE4DA04A6BA41D32 /* Pods_IntegrationPodApp_IntegrationPodAppUITests.framework */,
				B98C4699D392AD6082A5D741 /* Pods_IntegrationPodAppTests.framework */,
			);
			name = Frameworks;
			sourceTree = "<group>";
		};
		6AEC36B2299150480092781D = {
			isa = PBXGroup;
			children = (
				6AEC36BD299150480092781D /* IntegrationPodApp */,
				6AEC36D4299150490092781D /* IntegrationPodAppTests */,
				6AEC36DE299150490092781D /* IntegrationPodAppUITests */,
				6AEC36BC299150480092781D /* Products */,
				A0A6688D8658572CD39D80A5 /* Pods */,
				236B37199537211D5D810F70 /* Frameworks */,
			);
			sourceTree = "<group>";
		};
		6AEC36BC299150480092781D /* Products */ = {
			isa = PBXGroup;
			children = (
				6AEC36BB299150480092781D /* IntegrationPodApp.app */,
				6AEC36D1299150490092781D /* IntegrationPodAppTests.xctest */,
				6AEC36DB299150490092781D /* IntegrationPodAppUITests.xctest */,
			);
			name = Products;
			sourceTree = "<group>";
		};
		6AEC36BD299150480092781D /* IntegrationPodApp */ = {
			isa = PBXGroup;
			children = (
				6AEC36BE299150480092781D /* AppDelegate.swift */,
				6AEC36C0299150480092781D /* SceneDelegate.swift */,
				6AEC36C2299150480092781D /* ViewController.swift */,
				6AEC36C4299150480092781D /* Main.storyboard */,
				6AEC36C7299150490092781D /* Assets.xcassets */,
				6AEC36C9299150490092781D /* LaunchScreen.storyboard */,
				6AEC36CC299150490092781D /* Info.plist */,
			);
			path = IntegrationPodApp;
			sourceTree = "<group>";
		};
		6AEC36D4299150490092781D /* IntegrationPodAppTests */ = {
			isa = PBXGroup;
			children = (
				6AEC36D5299150490092781D /* IntegrationPodAppTests.swift */,
			);
			path = IntegrationPodAppTests;
			sourceTree = "<group>";
		};
		6AEC36DE299150490092781D /* IntegrationPodAppUITests */ = {
			isa = PBXGroup;
			children = (
				6AEC36DF299150490092781D /* IntegrationPodAppUITests.swift */,
				6AEC36E1299150490092781D /* IntegrationPodAppUITestsLaunchTests.swift */,
			);
			path = IntegrationPodAppUITests;
			sourceTree = "<group>";
		};
		A0A6688D8658572CD39D80A5 /* Pods */ = {
			isa = PBXGroup;
			children = (
				0AAC569AFCE0C50A389FD186 /* Pods-IntegrationPodApp.debug.xcconfig */,
				45332E6C892DAC091D25A6AA /* Pods-IntegrationPodApp.release.xcconfig */,
				D596C4DD26CA5567F0FC1902 /* Pods-IntegrationPodApp-IntegrationPodAppUITests.debug.xcconfig */,
				7E5D65F2862C5D3FF1DB20BF /* Pods-IntegrationPodApp-IntegrationPodAppUITests.release.xcconfig */,
				EB04896AE14ACF995B197688 /* Pods-IntegrationPodAppTests.debug.xcconfig */,
				C079F3F98E2FAF36CA396332 /* Pods-IntegrationPodAppTests.release.xcconfig */,
			);
			name = Pods;
			path = Pods;
			sourceTree = "<group>";
		};
/* End PBXGroup section */

/* Begin PBXNativeTarget section */
		6AEC36BA299150480092781D /* IntegrationPodApp */ = {
			isa = PBXNativeTarget;
			buildConfigurationList = 6AEC36E5299150490092781D /* Build configuration list for PBXNativeTarget "IntegrationPodApp" */;
			buildPhases = (
				2DCAE892AE053C89F8BD6591 /* [CP] Check Pods Manifest.lock */,
				6AEC36B7299150480092781D /* Sources */,
				6AEC36B8299150480092781D /* Frameworks */,
				6AEC36B9299150480092781D /* Resources */,
			);
			buildRules = (
			);
			dependencies = (
			);
			name = IntegrationPodApp;
			productName = IntegrationPodApp;
			productReference = 6AEC36BB299150480092781D /* IntegrationPodApp.app */;
			productType = "com.apple.product-type.application";
		};
		6AEC36D0299150490092781D /* IntegrationPodAppTests */ = {
			isa = PBXNativeTarget;
			buildConfigurationList = 6AEC36E8299150490092781D /* Build configuration list for PBXNativeTarget "IntegrationPodAppTests" */;
			buildPhases = (
				09C3898EED0C48BE3864D103 /* [CP] Check Pods Manifest.lock */,
				6AEC36CD299150490092781D /* Sources */,
				6AEC36CE299150490092781D /* Frameworks */,
				6AEC36CF299150490092781D /* Resources */,
			);
			buildRules = (
			);
			dependencies = (
				6AEC36D3299150490092781D /* PBXTargetDependency */,
			);
			name = IntegrationPodAppTests;
			productName = IntegrationPodAppTests;
			productReference = 6AEC36D1299150490092781D /* IntegrationPodAppTests.xctest */;
			productType = "com.apple.product-type.bundle.unit-test";
		};
		6AEC36DA299150490092781D /* IntegrationPodAppUITests */ = {
			isa = PBXNativeTarget;
			buildConfigurationList = 6AEC36EB299150490092781D /* Build configuration list for PBXNativeTarget "IntegrationPodAppUITests" */;
			buildPhases = (
				A06EA5DE57112C3F783511F1 /* [CP] Check Pods Manifest.lock */,
				6AEC36D7299150490092781D /* Sources */,
				6AEC36D8299150490092781D /* Frameworks */,
				6AEC36D9299150490092781D /* Resources */,
			);
			buildRules = (
			);
			dependencies = (
				6AEC36DD299150490092781D /* PBXTargetDependency */,
			);
			name = IntegrationPodAppUITests;
			productName = IntegrationPodAppUITests;
			productReference = 6AEC36DB299150490092781D /* IntegrationPodAppUITests.xctest */;
			productType = "com.apple.product-type.bundle.ui-testing";
		};
/* End PBXNativeTarget section */

/* Begin PBXProject section */
		6AEC36B3299150480092781D /* Project object */ = {
			isa = PBXProject;
			attributes = {
				BuildIndependentTargetsInParallel = 1;
				LastSwiftUpdateCheck = 1420;
				LastUpgradeCheck = 1420;
				TargetAttributes = {
					6AEC36BA299150480092781D = {
						CreatedOnToolsVersion = 14.2;
					};
					6AEC36D0299150490092781D = {
						CreatedOnToolsVersion = 14.2;
						TestTargetID = 6AEC36BA299150480092781D;
					};
					6AEC36DA299150490092781D = {
						CreatedOnToolsVersion = 14.2;
						TestTargetID = 6AEC36BA299150480092781D;
					};
				};
			};
			buildConfigurationList = 6AEC36B6299150480092781D /* Build configuration list for PBXProject "IntegrationPodApp" */;
			compatibilityVersion = "Xcode 13.0";
			developmentRegion = en;
			hasScannedForEncodings = 0;
			knownRegions = (
				en,
				Base,
			);
			mainGroup = 6AEC36B2299150480092781D;
			productRefGroup = 6AEC36BC299150480092781D /* Products */;
			projectDirPath = "";
			projectRoot = "";
			targets = (
				6AEC36BA299150480092781D /* IntegrationPodApp */,
				6AEC36D0299150490092781D /* IntegrationPodAppTests */,
				6AEC36DA299150490092781D /* IntegrationPodAppUITests */,
			);
		};
/* End PBXProject section */

/* Begin PBXResourcesBuildPhase section */
		6AEC36B9299150480092781D /* Resources */ = {
			isa = PBXResourcesBuildPhase;
			buildActionMask = 2147483647;
			files = (
				6AEC36CB299150490092781D /* LaunchScreen.storyboard in Resources */,
				6AEC36C8299150490092781D /* Assets.xcassets in Resources */,
				6AEC36C6299150480092781D /* Main.storyboard in Resources */,
			);
			runOnlyForDeploymentPostprocessing = 0;
		};
		6AEC36CF299150490092781D /* Resources */ = {
			isa = PBXResourcesBuildPhase;
			buildActionMask = 2147483647;
			files = (
			);
			runOnlyForDeploymentPostprocessing = 0;
		};
		6AEC36D9299150490092781D /* Resources */ = {
			isa = PBXResourcesBuildPhase;
			buildActionMask = 2147483647;
			files = (
			);
			runOnlyForDeploymentPostprocessing = 0;
		};
/* End PBXResourcesBuildPhase section */

/* Begin PBXShellScriptBuildPhase section */
		09C3898EED0C48BE3864D103 /* [CP] Check Pods Manifest.lock */ = {
			isa = PBXShellScriptBuildPhase;
			buildActionMask = 2147483647;
			files = (
			);
			inputFileListPaths = (
			);
			inputPaths = (
				"${PODS_PODFILE_DIR_PATH}/Podfile.lock",
				"${PODS_ROOT}/Manifest.lock",
			);
			name = "[CP] Check Pods Manifest.lock";
			outputFileListPaths = (
			);
			outputPaths = (
				"$(DERIVED_FILE_DIR)/Pods-IntegrationPodAppTests-checkManifestLockResult.txt",
			);
			runOnlyForDeploymentPostprocessing = 0;
			shellPath = /bin/sh;
			shellScript = "diff \"${PODS_PODFILE_DIR_PATH}/Podfile.lock\" \"${PODS_ROOT}/Manifest.lock\" > /dev/null\nif [ $? != 0 ] ; then\n    # print error to STDERR\n    echo \"error: The sandbox is not in sync with the Podfile.lock. Run 'pod install' or update your CocoaPods installation.\" >&2\n    exit 1\nfi\n# This output is used by Xcode 'outputs' to avoid re-running this script phase.\necho \"SUCCESS\" > \"${SCRIPT_OUTPUT_FILE_0}\"\n";
			showEnvVarsInLog = 0;
		};
		2DCAE892AE053C89F8BD6591 /* [CP] Check Pods Manifest.lock */ = {
			isa = PBXShellScriptBuildPhase;
			buildActionMask = 2147483647;
			files = (
			);
			inputFileListPaths = (
			);
			inputPaths = (
				"${PODS_PODFILE_DIR_PATH}/Podfile.lock",
				"${PODS_ROOT}/Manifest.lock",
			);
			name = "[CP] Check Pods Manifest.lock";
			outputFileListPaths = (
			);
			outputPaths = (
				"$(DERIVED_FILE_DIR)/Pods-IntegrationPodApp-checkManifestLockResult.txt",
			);
			runOnlyForDeploymentPostprocessing = 0;
			shellPath = /bin/sh;
			shellScript = "diff \"${PODS_PODFILE_DIR_PATH}/Podfile.lock\" \"${PODS_ROOT}/Manifest.lock\" > /dev/null\nif [ $? != 0 ] ; then\n    # print error to STDERR\n    echo \"error: The sandbox is not in sync with the Podfile.lock. Run 'pod install' or update your CocoaPods installation.\" >&2\n    exit 1\nfi\n# This output is used by Xcode 'outputs' to avoid re-running this script phase.\necho \"SUCCESS\" > \"${SCRIPT_OUTPUT_FILE_0}\"\n";
			showEnvVarsInLog = 0;
		};
		A06EA5DE57112C3F783511F1 /* [CP] Check Pods Manifest.lock */ = {
			isa = PBXShellScriptBuildPhase;
			buildActionMask = 2147483647;
			files = (
			);
			inputFileListPaths = (
			);
			inputPaths = (
				"${PODS_PODFILE_DIR_PATH}/Podfile.lock",
				"${PODS_ROOT}/Manifest.lock",
			);
			name = "[CP] Check Pods Manifest.lock";
			outputFileListPaths = (
			);
			outputPaths = (
				"$(DERIVED_FILE_DIR)/Pods-IntegrationPodApp-IntegrationPodAppUITests-checkManifestLockResult.txt",
			);
			runOnlyForDeploymentPostprocessing = 0;
			shellPath = /bin/sh;
			shellScript = "diff \"${PODS_PODFILE_DIR_PATH}/Podfile.lock\" \"${PODS_ROOT}/Manifest.lock\" > /dev/null\nif [ $? != 0 ] ; then\n    # print error to STDERR\n    echo \"error: The sandbox is not in sync with the Podfile.lock. Run 'pod install' or update your CocoaPods installation.\" >&2\n    exit 1\nfi\n# This output is used by Xcode 'outputs' to avoid re-running this script phase.\necho \"SUCCESS\" > \"${SCRIPT_OUTPUT_FILE_0}\"\n";
			showEnvVarsInLog = 0;
		};
/* End PBXShellScriptBuildPhase section */

/* Begin PBXSourcesBuildPhase section */
		6AEC36B7299150480092781D /* Sources */ = {
			isa = PBXSourcesBuildPhase;
			buildActionMask = 2147483647;
			files = (
				6AEC36C3299150480092781D /* ViewController.swift in Sources */,
				6AEC36BF299150480092781D /* AppDelegate.swift in Sources */,
				6AEC36C1299150480092781D /* SceneDelegate.swift in Sources */,
			);
			runOnlyForDeploymentPostprocessing = 0;
		};
		6AEC36CD299150490092781D /* Sources */ = {
			isa = PBXSourcesBuildPhase;
			buildActionMask = 2147483647;
			files = (
				6AEC36D6299150490092781D /* IntegrationPodAppTests.swift in Sources */,
			);
			runOnlyForDeploymentPostprocessing = 0;
		};
		6AEC36D7299150490092781D /* Sources */ = {
			isa = PBXSourcesBuildPhase;
			buildActionMask = 2147483647;
			files = (
				6AEC36E0299150490092781D /* IntegrationPodAppUITests.swift in Sources */,
				6AEC36E2299150490092781D /* IntegrationPodAppUITestsLaunchTests.swift in Sources */,
			);
			runOnlyForDeploymentPostprocessing = 0;
		};
/* End PBXSourcesBuildPhase section */

/* Begin PBXTargetDependency section */
		6AEC36D3299150490092781D /* PBXTargetDependency */ = {
			isa = PBXTargetDependency;
			target = 6AEC36BA299150480092781D /* IntegrationPodApp */;
			targetProxy = 6AEC36D2299150490092781D /* PBXContainerItemProxy */;
		};
		6AEC36DD299150490092781D /* PBXTargetDependency */ = {
			isa = PBXTargetDependency;
			target = 6AEC36BA299150480092781D /* IntegrationPodApp */;
			targetProxy = 6AEC36DC299150490092781D /* PBXContainerItemProxy */;
		};
/* End PBXTargetDependency section */

/* Begin PBXVariantGroup section */
		6AEC36C4299150480092781D /* Main.storyboard */ = {
			isa = PBXVariantGroup;
			children = (
				6AEC36C5299150480092781D /* Base */,
			);
			name = Main.storyboard;
			sourceTree = "<group>";
		};
		6AEC36C9299150490092781D /* LaunchScreen.storyboard */ = {
			isa = PBXVariantGroup;
			children = (
				6AEC36CA299150490092781D /* Base */,
			);
			name = LaunchScreen.storyboard;
			sourceTree = "<group>";
		};
/* End PBXVariantGroup section */

/* Begin XCBuildConfiguration section */
		6AEC36E3299150490092781D /* Debug */ = {
			isa = XCBuildConfiguration;
			buildSettings = {
				ALWAYS_SEARCH_USER_PATHS = NO;
				CLANG_ANALYZER_NONNULL = YES;
				CLANG_ANALYZER_NUMBER_OBJECT_CONVERSION = YES_AGGRESSIVE;
				CLANG_CXX_LANGUAGE_STANDARD = "gnu++20";
				CLANG_ENABLE_MODULES = YES;
				CLANG_ENABLE_OBJC_ARC = YES;
				CLANG_ENABLE_OBJC_WEAK = YES;
				CLANG_WARN_BLOCK_CAPTURE_AUTORELEASING = YES;
				CLANG_WARN_BOOL_CONVERSION = YES;
				CLANG_WARN_COMMA = YES;
				CLANG_WARN_CONSTANT_CONVERSION = YES;
				CLANG_WARN_DEPRECATED_OBJC_IMPLEMENTATIONS = YES;
				CLANG_WARN_DIRECT_OBJC_ISA_USAGE = YES_ERROR;
				CLANG_WARN_DOCUMENTATION_COMMENTS = YES;
				CLANG_WARN_EMPTY_BODY = YES;
				CLANG_WARN_ENUM_CONVERSION = YES;
				CLANG_WARN_INFINITE_RECURSION = YES;
				CLANG_WARN_INT_CONVERSION = YES;
				CLANG_WARN_NON_LITERAL_NULL_CONVERSION = YES;
				CLANG_WARN_OBJC_IMPLICIT_RETAIN_SELF = YES;
				CLANG_WARN_OBJC_LITERAL_CONVERSION = YES;
				CLANG_WARN_OBJC_ROOT_CLASS = YES_ERROR;
				CLANG_WARN_QUOTED_INCLUDE_IN_FRAMEWORK_HEADER = YES;
				CLANG_WARN_RANGE_LOOP_ANALYSIS = YES;
				CLANG_WARN_STRICT_PROTOTYPES = YES;
				CLANG_WARN_SUSPICIOUS_MOVE = YES;
				CLANG_WARN_UNGUARDED_AVAILABILITY = YES_AGGRESSIVE;
				CLANG_WARN_UNREACHABLE_CODE = YES;
				CLANG_WARN__DUPLICATE_METHOD_MATCH = YES;
				COPY_PHASE_STRIP = NO;
				DEBUG_INFORMATION_FORMAT = dwarf;
				ENABLE_STRICT_OBJC_MSGSEND = YES;
				ENABLE_TESTABILITY = YES;
				GCC_C_LANGUAGE_STANDARD = gnu11;
				GCC_DYNAMIC_NO_PIC = NO;
				GCC_NO_COMMON_BLOCKS = YES;
				GCC_OPTIMIZATION_LEVEL = 0;
				GCC_PREPROCESSOR_DEFINITIONS = (
					"DEBUG=1",
					"$(inherited)",
				);
				GCC_WARN_64_TO_32_BIT_CONVERSION = YES;
				GCC_WARN_ABOUT_RETURN_TYPE = YES_ERROR;
				GCC_WARN_UNDECLARED_SELECTOR = YES;
				GCC_WARN_UNINITIALIZED_AUTOS = YES_AGGRESSIVE;
				GCC_WARN_UNUSED_FUNCTION = YES;
				GCC_WARN_UNUSED_VARIABLE = YES;
				IPHONEOS_DEPLOYMENT_TARGET = 16.2;
				MTL_ENABLE_DEBUG_INFO = INCLUDE_SOURCE;
				MTL_FAST_MATH = YES;
				ONLY_ACTIVE_ARCH = YES;
				SDKROOT = iphoneos;
				SWIFT_ACTIVE_COMPILATION_CONDITIONS = DEBUG;
				SWIFT_OPTIMIZATION_LEVEL = "-Onone";
			};
			name = Debug;
		};
		6AEC36E4299150490092781D /* Release */ = {
			isa = XCBuildConfiguration;
			buildSettings = {
				ALWAYS_SEARCH_USER_PATHS = NO;
				CLANG_ANALYZER_NONNULL = YES;
				CLANG_ANALYZER_NUMBER_OBJECT_CONVERSION = YES_AGGRESSIVE;
				CLANG_CXX_LANGUAGE_STANDARD = "gnu++20";
				CLANG_ENABLE_MODULES = YES;
				CLANG_ENABLE_OBJC_ARC = YES;
				CLANG_ENABLE_OBJC_WEAK = YES;
				CLANG_WARN_BLOCK_CAPTURE_AUTORELEASING = YES;
				CLANG_WARN_BOOL_CONVERSION = YES;
				CLANG_WARN_COMMA = YES;
				CLANG_WARN_CONSTANT_CONVERSION = YES;
				CLANG_WARN_DEPRECATED_OBJC_IMPLEMENTATIONS = YES;
				CLANG_WARN_DIRECT_OBJC_ISA_USAGE = YES_ERROR;
				CLANG_WARN_DOCUMENTATION_COMMENTS = YES;
				CLANG_WARN_EMPTY_BODY = YES;
				CLANG_WARN_ENUM_CONVERSION = YES;
				CLANG_WARN_INFINITE_RECURSION = YES;
				CLANG_WARN_INT_CONVERSION = YES;
				CLANG_WARN_NON_LITERAL_NULL_CONVERSION = YES;
				CLANG_WARN_OBJC_IMPLICIT_RETAIN_SELF = YES;
				CLANG_WARN_OBJC_LITERAL_CONVERSION = YES;
				CLANG_WARN_OBJC_ROOT_CLASS = YES_ERROR;
				CLANG_WARN_QUOTED_INCLUDE_IN_FRAMEWORK_HEADER = YES;
				CLANG_WARN_RANGE_LOOP_ANALYSIS = YES;
				CLANG_WARN_STRICT_PROTOTYPES = YES;
				CLANG_WARN_SUSPICIOUS_MOVE = YES;
				CLANG_WARN_UNGUARDED_AVAILABILITY = YES_AGGRESSIVE;
				CLANG_WARN_UNREACHABLE_CODE = YES;
				CLANG_WARN__DUPLICATE_METHOD_MATCH = YES;
				COPY_PHASE_STRIP = NO;
				DEBUG_INFORMATION_FORMAT = "dwarf-with-dsym";
				ENABLE_NS_ASSERTIONS = NO;
				ENABLE_STRICT_OBJC_MSGSEND = YES;
				GCC_C_LANGUAGE_STANDARD = gnu11;
				GCC_NO_COMMON_BLOCKS = YES;
				GCC_WARN_64_TO_32_BIT_CONVERSION = YES;
				GCC_WARN_ABOUT_RETURN_TYPE = YES_ERROR;
				GCC_WARN_UNDECLARED_SELECTOR = YES;
				GCC_WARN_UNINITIALIZED_AUTOS = YES_AGGRESSIVE;
				GCC_WARN_UNUSED_FUNCTION = YES;
				GCC_WARN_UNUSED_VARIABLE = YES;
				IPHONEOS_DEPLOYMENT_TARGET = 16.2;
				MTL_ENABLE_DEBUG_INFO = NO;
				MTL_FAST_MATH = YES;
				SDKROOT = iphoneos;
				SWIFT_COMPILATION_MODE = wholemodule;
				SWIFT_OPTIMIZATION_LEVEL = "-O";
				VALIDATE_PRODUCT = YES;
			};
			name = Release;
		};
		6AEC36E6299150490092781D /* Debug */ = {
			isa = XCBuildConfiguration;
			baseConfigurationReference = 0AAC569AFCE0C50A389FD186 /* Pods-IntegrationPodApp.debug.xcconfig */;
			buildSettings = {
				ASSETCATALOG_COMPILER_APPICON_NAME = AppIcon;
				ASSETCATALOG_COMPILER_GLOBAL_ACCENT_COLOR_NAME = AccentColor;
				CODE_SIGN_STYLE = Automatic;
				CURRENT_PROJECT_VERSION = 1;
				DEVELOPMENT_TEAM = 5SB3H4Y5NS;
				GENERATE_INFOPLIST_FILE = YES;
				INFOPLIST_FILE = IntegrationPodApp/Info.plist;
				INFOPLIST_KEY_UIApplicationSupportsIndirectInputEvents = YES;
				INFOPLIST_KEY_UILaunchStoryboardName = LaunchScreen;
				INFOPLIST_KEY_UIMainStoryboardFile = Main;
				INFOPLIST_KEY_UISupportedInterfaceOrientations_iPad = "UIInterfaceOrientationPortrait UIInterfaceOrientationPortraitUpsideDown UIInterfaceOrientationLandscapeLeft UIInterfaceOrientationLandscapeRight";
				INFOPLIST_KEY_UISupportedInterfaceOrientations_iPhone = "UIInterfaceOrientationPortrait UIInterfaceOrientationLandscapeLeft UIInterfaceOrientationLandscapeRight";
				LD_RUNPATH_SEARCH_PATHS = (
					"$(inherited)",
					"@executable_path/Frameworks",
				);
				MARKETING_VERSION = 1.0;
				PRODUCT_BUNDLE_IDENTIFIER = com.ldakhoa.IntegrationPodApp;
				PRODUCT_NAME = "$(TARGET_NAME)";
				SWIFT_EMIT_LOC_STRINGS = YES;
				SWIFT_VERSION = 5.0;
				TARGETED_DEVICE_FAMILY = "1,2";
			};
			name = Debug;
		};
		6AEC36E7299150490092781D /* Release */ = {
			isa = XCBuildConfiguration;
			baseConfigurationReference = 45332E6C892DAC091D25A6AA /* Pods-IntegrationPodApp.release.xcconfig */;
			buildSettings = {
				ASSETCATALOG_COMPILER_APPICON_NAME = AppIcon;
				ASSETCATALOG_COMPILER_GLOBAL_ACCENT_COLOR_NAME = AccentColor;
				CODE_SIGN_STYLE = Automatic;
				CURRENT_PROJECT_VERSION = 1;
				DEVELOPMENT_TEAM = 5SB3H4Y5NS;
				GENERATE_INFOPLIST_FILE = YES;
				INFOPLIST_FILE = IntegrationPodApp/Info.plist;
				INFOPLIST_KEY_UIApplicationSupportsIndirectInputEvents = YES;
				INFOPLIST_KEY_UILaunchStoryboardName = LaunchScreen;
				INFOPLIST_KEY_UIMainStoryboardFile = Main;
				INFOPLIST_KEY_UISupportedInterfaceOrientations_iPad = "UIInterfaceOrientationPortrait UIInterfaceOrientationPortraitUpsideDown UIInterfaceOrientationLandscapeLeft UIInterfaceOrientationLandscapeRight";
				INFOPLIST_KEY_UISupportedInterfaceOrientations_iPhone = "UIInterfaceOrientationPortrait UIInterfaceOrientationLandscapeLeft UIInterfaceOrientationLandscapeRight";
				LD_RUNPATH_SEARCH_PATHS = (
					"$(inherited)",
					"@executable_path/Frameworks",
				);
				MARKETING_VERSION = 1.0;
				PRODUCT_BUNDLE_IDENTIFIER = com.ldakhoa.IntegrationPodApp;
				PRODUCT_NAME = "$(TARGET_NAME)";
				SWIFT_EMIT_LOC_STRINGS = YES;
				SWIFT_VERSION = 5.0;
				TARGETED_DEVICE_FAMILY = "1,2";
			};
			name = Release;
		};
		6AEC36E9299150490092781D /* Debug */ = {
			isa = XCBuildConfiguration;
			baseConfigurationReference = EB04896AE14ACF995B197688 /* Pods-IntegrationPodAppTests.debug.xcconfig */;
			buildSettings = {
				ALWAYS_EMBED_SWIFT_STANDARD_LIBRARIES = YES;
				BUNDLE_LOADER = "$(TEST_HOST)";
				CODE_SIGN_STYLE = Automatic;
				CURRENT_PROJECT_VERSION = 1;
				DEVELOPMENT_TEAM = 5SB3H4Y5NS;
				GENERATE_INFOPLIST_FILE = YES;
				IPHONEOS_DEPLOYMENT_TARGET = 16.2;
				MARKETING_VERSION = 1.0;
				PRODUCT_BUNDLE_IDENTIFIER = com.ldakhoa.IntegrationPodAppTests;
				PRODUCT_NAME = "$(TARGET_NAME)";
				SWIFT_EMIT_LOC_STRINGS = NO;
				SWIFT_VERSION = 5.0;
				TARGETED_DEVICE_FAMILY = "1,2";
				TEST_HOST = "$(BUILT_PRODUCTS_DIR)/IntegrationPodApp.app/$(BUNDLE_EXECUTABLE_FOLDER_PATH)/IntegrationPodApp";
			};
			name = Debug;
		};
		6AEC36EA299150490092781D /* Release */ = {
			isa = XCBuildConfiguration;
			baseConfigurationReference = C079F3F98E2FAF36CA396332 /* Pods-IntegrationPodAppTests.release.xcconfig */;
			buildSettings = {
				ALWAYS_EMBED_SWIFT_STANDARD_LIBRARIES = YES;
				BUNDLE_LOADER = "$(TEST_HOST)";
				CODE_SIGN_STYLE = Automatic;
				CURRENT_PROJECT_VERSION = 1;
				DEVELOPMENT_TEAM = 5SB3H4Y5NS;
				GENERATE_INFOPLIST_FILE = YES;
				IPHONEOS_DEPLOYMENT_TARGET = 16.2;
				MARKETING_VERSION = 1.0;
				PRODUCT_BUNDLE_IDENTIFIER = com.ldakhoa.IntegrationPodAppTests;
				PRODUCT_NAME = "$(TARGET_NAME)";
				SWIFT_EMIT_LOC_STRINGS = NO;
				SWIFT_VERSION = 5.0;
				TARGETED_DEVICE_FAMILY = "1,2";
				TEST_HOST = "$(BUILT_PRODUCTS_DIR)/IntegrationPodApp.app/$(BUNDLE_EXECUTABLE_FOLDER_PATH)/IntegrationPodApp";
			};
			name = Release;
		};
		6AEC36EC299150490092781D /* Debug */ = {
			isa = XCBuildConfiguration;
			baseConfigurationReference = D596C4DD26CA5567F0FC1902 /* Pods-IntegrationPodApp-IntegrationPodAppUITests.debug.xcconfig */;
			buildSettings = {
				ALWAYS_EMBED_SWIFT_STANDARD_LIBRARIES = YES;
				CODE_SIGN_STYLE = Automatic;
				CURRENT_PROJECT_VERSION = 1;
				DEVELOPMENT_TEAM = 5SB3H4Y5NS;
				GENERATE_INFOPLIST_FILE = YES;
				MARKETING_VERSION = 1.0;
				PRODUCT_BUNDLE_IDENTIFIER = com.ldakhoa.IntegrationPodAppUITests;
				PRODUCT_NAME = "$(TARGET_NAME)";
				SWIFT_EMIT_LOC_STRINGS = NO;
				SWIFT_VERSION = 5.0;
				TARGETED_DEVICE_FAMILY = "1,2";
				TEST_TARGET_NAME = IntegrationPodApp;
			};
			name = Debug;
		};
		6AEC36ED299150490092781D /* Release */ = {
			isa = XCBuildConfiguration;
			baseConfigurationReference = 7E5D65F2862C5D3FF1DB20BF /* Pods-IntegrationPodApp-IntegrationPodAppUITests.release.xcconfig */;
			buildSettings = {
				ALWAYS_EMBED_SWIFT_STANDARD_LIBRARIES = YES;
				CODE_SIGN_STYLE = Automatic;
				CURRENT_PROJECT_VERSION = 1;
				DEVELOPMENT_TEAM = 5SB3H4Y5NS;
				GENERATE_INFOPLIST_FILE = YES;
				MARKETING_VERSION = 1.0;
				PRODUCT_BUNDLE_IDENTIFIER = com.ldakhoa.IntegrationPodAppUITests;
				PRODUCT_NAME = "$(TARGET_NAME)";
				SWIFT_EMIT_LOC_STRINGS = NO;
				SWIFT_VERSION = 5.0;
				TARGETED_DEVICE_FAMILY = "1,2";
				TEST_TARGET_NAME = IntegrationPodApp;
			};
			name = Release;
		};
/* End XCBuildConfiguration section */

/* Begin XCConfigurationList section */
		6AEC36B6299150480092781D /* Build configuration list for PBXProject "IntegrationPodApp" */ = {
			isa = XCConfigurationList;
			buildConfigurations = (
				6AEC36E3299150490092781D /* Debug */,
				6AEC36E4299150490092781D /* Release */,
			);
			defaultConfigurationIsVisible = 0;
			defaultConfigurationName = Release;
		};
		6AEC36E5299150490092781D /* Build configuration list for PBXNativeTarget "IntegrationPodApp" */ = {
			isa = XCConfigurationList;
			buildConfigurations = (
				6AEC36E6299150490092781D /* Debug */,
				6AEC36E7299150490092781D /* Release */,
			);
			defaultConfigurationIsVisible = 0;
			defaultConfigurationName = Release;
		};
		6AEC36E8299150490092781D /* Build configuration list for PBXNativeTarget "IntegrationPodAppTests" */ = {
			isa = XCConfigurationList;
			buildConfigurations = (
				6AEC36E9299150490092781D /* Debug */,
				6AEC36EA299150490092781D /* Release */,
			);
			defaultConfigurationIsVisible = 0;
			defaultConfigurationName = Release;
		};
		6AEC36EB299150490092781D /* Build configuration list for PBXNativeTarget "IntegrationPodAppUITests" */ = {
			isa = XCConfigurationList;
			buildConfigurations = (
				6AEC36EC299150490092781D /* Debug */,
				6AEC36ED299150490092781D /* Release */,
			);
			defaultConfigurationIsVisible = 0;
			defaultConfigurationName = Release;
		};
/* End XCConfigurationList section */
	};
	rootObject = 6AEC36B3299150480092781D /* Project object */;
}
